
Microsoft Visual Studio Solution File, Format Version 12.00
# Visual Studio Version 17
VisualStudioVersion = 17.14.36408.4
MinimumVisualStudioVersion = 10.0.40219.1
Project("{FAE04EC0-301F-11D3-BF4B-00C04F79EFBC}") = "FooService", "FooService\FooService.csproj", "{0AE6CA64-C67D-44D4-AEE9-0B6E4DDD9260}"
EndProject
Project("{FAE04EC0-301F-11D3-BF4B-00C04F79EFBC}") = "FooService.Handlers", "FooService.Handlers\FooService.Handlers.csproj", "{3564C0AC-55B6-4834-939C-6F20E29EB9A0}"
EndProject
Global
	GlobalSection(SolutionConfigurationPlatforms) = preSolution
		Debug|Any CPU = Debug|Any CPU
		Release|Any CPU = Release|Any CPU
	EndGlobalSection
	GlobalSection(ProjectConfigurationPlatforms) = postSolution
		{0AE6CA64-C67D-44D4-AEE9-0B6E4DDD9260}.Debug|Any CPU.ActiveCfg = Debug|Any CPU
		{0AE6CA64-C67D-44D4-AEE9-0B6E4DDD9260}.Debug|Any CPU.Build.0 = Debug|Any CPU
		{0AE6CA64-C67D-44D4-AEE9-0B6E4DDD9260}.Release|Any CPU.ActiveCfg = Release|Any CPU
		{0AE6CA64-C67D-44D4-AEE9-0B6E4DDD9260}.Release|Any CPU.Build.0 = Release|Any CPU
		{3564C0AC-55B6-4834-939C-6F20E29EB9A0}.Debug|Any CPU.ActiveCfg = Debug|Any CPU
		{3564C0AC-55B6-4834-939C-6F20E29EB9A0}.Debug|Any CPU.Build.0 = Debug|Any CPU
		{3564C0AC-55B6-4834-939C-6F20E29EB9A0}.Release|Any CPU.ActiveCfg = Release|Any CPU
		{3564C0AC-55B6-4834-939C-6F20E29EB9A0}.Release|Any CPU.Build.0 = Release|Any CPU
	EndGlobalSection
	GlobalSection(SolutionProperties) = preSolution
		HideSolutionNode = FALSE
	EndGlobalSection
	GlobalSection(ExtensibilityGlobals) = postSolution
		SolutionGuid = {21410872-3557-4C4A-BD1F-404AC84A53C6}
	EndGlobalSection
EndGlobal
